
Microsoft Visual Studio Solution File, Format Version 12.00
# Visual Studio Version 17
VisualStudioVersion = 17.0.31903.59
MinimumVisualStudioVersion = 10.0.40219.1
Project("{2150E333-8FDC-42A3-9474-1A3956D46DE8}") = "src", "src", "{827E0CD3-B72D-47B6-A68D-7590B98EB39B}"
EndProject
Project("{FAE04EC0-301F-11D3-BF4B-00C04F79EFBC}") = "CTMS.Domain", "src\CTMS.Domain\CTMS.Domain.csproj", "{6EA1A5AB-65D7-488D-AA8B-3880AB3088D7}"
EndProject
Project("{FAE04EC0-301F-11D3-BF4B-00C04F79EFBC}") = "CTMS.Application", "src\CTMS.Application\CTMS.Application.csproj", "{97B48F27-9AB0-41C0-95C6-0F10D66897A4}"
EndProject
Project("{FAE04EC0-301F-11D3-BF4B-00C04F79EFBC}") = "CTMS.Infrastructure", "src\CTMS.Infrastructure\CTMS.Infrastructure.csproj", "{C9A48C7B-D226-4D0B-9975-5C9D3475550B}"
EndProject
Project("{FAE04EC0-301F-11D3-BF4B-00C04F79EFBC}") = "CTMS.Api", "src\CTMS.Api\CTMS.Api.csproj", "{FD822AFB-9B56-4777-A816-73AF9B033B92}"
EndProject
Project("{2150E333-8FDC-42A3-9474-1A3956D46DE8}") = "tests", "tests", "{0AB3BF05-4346-4AA6-1389-037BE0695223}"
EndProject
Project("{FAE04EC0-301F-11D3-BF4B-00C04F79EFBC}") = "CTMS.Application.Tests", "tests\CTMS.Application.Tests\CTMS.Application.Tests.csproj", "{7775EF87-5D00-4473-8F32-42B7ECDAFE59}"
EndProject
Project("{FAE04EC0-301F-11D3-BF4B-00C04F79EFBC}") = "CTMS.AdminUI", "src\CTMS.AdminUI\CTMS.AdminUI.csproj", "{3E21A788-6614-4457-8E8A-48A99C1CBA12}"
EndProject
Project("{FAE04EC0-301F-11D3-BF4B-00C04F79EFBC}") = "CTMS.Api.IntegrationTests", "tests\CTMS.Api.IntegrationTests\CTMS.Api.IntegrationTests.csproj", "{356F4DCB-C76F-4014-A51F-32C9F150D6DB}"
EndProject
Project("{FAE04EC0-301F-11D3-BF4B-00C04F79EFBC}") = "CTMS.Client", "src\CTMS.Client\CTMS.Client.csproj", "{3686B6DB-77FC-4AFB-974C-E0F3635D42F5}"
EndProject
Project("{FAE04EC0-301F-11D3-BF4B-00C04F79EFBC}") = "CTMS.Client.Tests", "tests\CTMS.Client.Tests\CTMS.Client.Tests.csproj", "{1DB66B86-105C-4A24-993A-5F1AB3B8D0F8}"
EndProject
Project("{2150E333-8FDC-42A3-9474-1A3956D46DE8}") = "samples", "samples", "{5D20AA90-6969-D8BD-9DCD-8634F4692FDA}"
EndProject
Project("{FAE04EC0-301F-11D3-BF4B-00C04F79EFBC}") = "Ctms.ConsoleSample", "samples\Ctms.ConsoleSample\Ctms.ConsoleSample.csproj", "{D8E0F711-C9F2-4056-8F06-8C13BD506C13}"
EndProject
Global
	GlobalSection(SolutionConfigurationPlatforms) = preSolution
		Debug|Any CPU = Debug|Any CPU
		Debug|x64 = Debug|x64
		Debug|x86 = Debug|x86
		Release|Any CPU = Release|Any CPU
		Release|x64 = Release|x64
		Release|x86 = Release|x86
	EndGlobalSection
	GlobalSection(ProjectConfigurationPlatforms) = postSolution
		{6EA1A5AB-65D7-488D-AA8B-3880AB3088D7}.Debug|Any CPU.ActiveCfg = Debug|Any CPU
		{6EA1A5AB-65D7-488D-AA8B-3880AB3088D7}.Debug|Any CPU.Build.0 = Debug|Any CPU
		{6EA1A5AB-65D7-488D-AA8B-3880AB3088D7}.Debug|x64.ActiveCfg = Debug|Any CPU
		{6EA1A5AB-65D7-488D-AA8B-3880AB3088D7}.Debug|x64.Build.0 = Debug|Any CPU
		{6EA1A5AB-65D7-488D-AA8B-3880AB3088D7}.Debug|x86.ActiveCfg = Debug|Any CPU
		{6EA1A5AB-65D7-488D-AA8B-3880AB3088D7}.Debug|x86.Build.0 = Debug|Any CPU
		{6EA1A5AB-65D7-488D-AA8B-3880AB3088D7}.Release|Any CPU.ActiveCfg = Release|Any CPU
		{6EA1A5AB-65D7-488D-AA8B-3880AB3088D7}.Release|Any CPU.Build.0 = Release|Any CPU
		{6EA1A5AB-65D7-488D-AA8B-3880AB3088D7}.Release|x64.ActiveCfg = Release|Any CPU
		{6EA1A5AB-65D7-488D-AA8B-3880AB3088D7}.Release|x64.Build.0 = Release|Any CPU
		{6EA1A5AB-65D7-488D-AA8B-3880AB3088D7}.Release|x86.ActiveCfg = Release|Any CPU
		{6EA1A5AB-65D7-488D-AA8B-3880AB3088D7}.Release|x86.Build.0 = Release|Any CPU
		{97B48F27-9AB0-41C0-95C6-0F10D66897A4}.Debug|Any CPU.ActiveCfg = Debug|Any CPU
		{97B48F27-9AB0-41C0-95C6-0F10D66897A4}.Debug|Any CPU.Build.0 = Debug|Any CPU
		{97B48F27-9AB0-41C0-95C6-0F10D66897A4}.Debug|x64.ActiveCfg = Debug|Any CPU
		{97B48F27-9AB0-41C0-95C6-0F10D66897A4}.Debug|x64.Build.0 = Debug|Any CPU
		{97B48F27-9AB0-41C0-95C6-0F10D66897A4}.Debug|x86.ActiveCfg = Debug|Any CPU
		{97B48F27-9AB0-41C0-95C6-0F10D66897A4}.Debug|x86.Build.0 = Debug|Any CPU
		{97B48F27-9AB0-41C0-95C6-0F10D66897A4}.Release|Any CPU.ActiveCfg = Release|Any CPU
		{97B48F27-9AB0-41C0-95C6-0F10D66897A4}.Release|Any CPU.Build.0 = Release|Any CPU
		{97B48F27-9AB0-41C0-95C6-0F10D66897A4}.Release|x64.ActiveCfg = Release|Any CPU
		{97B48F27-9AB0-41C0-95C6-0F10D66897A4}.Release|x64.Build.0 = Release|Any CPU
		{97B48F27-9AB0-41C0-95C6-0F10D66897A4}.Release|x86.ActiveCfg = Release|Any CPU
		{97B48F27-9AB0-41C0-95C6-0F10D66897A4}.Release|x86.Build.0 = Release|Any CPU
		{C9A48C7B-D226-4D0B-9975-5C9D3475550B}.Debug|Any CPU.ActiveCfg = Debug|Any CPU
		{C9A48C7B-D226-4D0B-9975-5C9D3475550B}.Debug|Any CPU.Build.0 = Debug|Any CPU
		{C9A48C7B-D226-4D0B-9975-5C9D3475550B}.Debug|x64.ActiveCfg = Debug|Any CPU
		{C9A48C7B-D226-4D0B-9975-5C9D3475550B}.Debug|x64.Build.0 = Debug|Any CPU
		{C9A48C7B-D226-4D0B-9975-5C9D3475550B}.Debug|x86.ActiveCfg = Debug|Any CPU
		{C9A48C7B-D226-4D0B-9975-5C9D3475550B}.Debug|x86.Build.0 = Debug|Any CPU
		{C9A48C7B-D226-4D0B-9975-5C9D3475550B}.Release|Any CPU.ActiveCfg = Release|Any CPU
		{C9A48C7B-D226-4D0B-9975-5C9D3475550B}.Release|Any CPU.Build.0 = Release|Any CPU
		{C9A48C7B-D226-4D0B-9975-5C9D3475550B}.Release|x64.ActiveCfg = Release|Any CPU
		{C9A48C7B-D226-4D0B-9975-5C9D3475550B}.Release|x64.Build.0 = Release|Any CPU
		{C9A48C7B-D226-4D0B-9975-5C9D3475550B}.Release|x86.ActiveCfg = Release|Any CPU
		{C9A48C7B-D226-4D0B-9975-5C9D3475550B}.Release|x86.Build.0 = Release|Any CPU
		{FD822AFB-9B56-4777-A816-73AF9B033B92}.Debug|Any CPU.ActiveCfg = Debug|Any CPU
		{FD822AFB-9B56-4777-A816-73AF9B033B92}.Debug|Any CPU.Build.0 = Debug|Any CPU
		{FD822AFB-9B56-4777-A816-73AF9B033B92}.Debug|x64.ActiveCfg = Debug|Any CPU
		{FD822AFB-9B56-4777-A816-73AF9B033B92}.Debug|x64.Build.0 = Debug|Any CPU
		{FD822AFB-9B56-4777-A816-73AF9B033B92}.Debug|x86.ActiveCfg = Debug|Any CPU
		{FD822AFB-9B56-4777-A816-73AF9B033B92}.Debug|x86.Build.0 = Debug|Any CPU
		{FD822AFB-9B56-4777-A816-73AF9B033B92}.Release|Any CPU.ActiveCfg = Release|Any CPU
		{FD822AFB-9B56-4777-A816-73AF9B033B92}.Release|Any CPU.Build.0 = Release|Any CPU
		{FD822AFB-9B56-4777-A816-73AF9B033B92}.Release|x64.ActiveCfg = Release|Any CPU
		{FD822AFB-9B56-4777-A816-73AF9B033B92}.Release|x64.Build.0 = Release|Any CPU
		{FD822AFB-9B56-4777-A816-73AF9B033B92}.Release|x86.ActiveCfg = Release|Any CPU
		{FD822AFB-9B56-4777-A816-73AF9B033B92}.Release|x86.Build.0 = Release|Any CPU
		{7775EF87-5D00-4473-8F32-42B7ECDAFE59}.Debug|Any CPU.ActiveCfg = Debug|Any CPU
		{7775EF87-5D00-4473-8F32-42B7ECDAFE59}.Debug|Any CPU.Build.0 = Debug|Any CPU
		{7775EF87-5D00-4473-8F32-42B7ECDAFE59}.Debug|x64.ActiveCfg = Debug|Any CPU
		{7775EF87-5D00-4473-8F32-42B7ECDAFE59}.Debug|x64.Build.0 = Debug|Any CPU
		{7775EF87-5D00-4473-8F32-42B7ECDAFE59}.Debug|x86.ActiveCfg = Debug|Any CPU
		{7775EF87-5D00-4473-8F32-42B7ECDAFE59}.Debug|x86.Build.0 = Debug|Any CPU
		{7775EF87-5D00-4473-8F32-42B7ECDAFE59}.Release|Any CPU.ActiveCfg = Release|Any CPU
		{7775EF87-5D00-4473-8F32-42B7ECDAFE59}.Release|Any CPU.Build.0 = Release|Any CPU
		{7775EF87-5D00-4473-8F32-42B7ECDAFE59}.Release|x64.ActiveCfg = Release|Any CPU
		{7775EF87-5D00-4473-8F32-42B7ECDAFE59}.Release|x64.Build.0 = Release|Any CPU
		{7775EF87-5D00-4473-8F32-42B7ECDAFE59}.Release|x86.ActiveCfg = Release|Any CPU
		{7775EF87-5D00-4473-8F32-42B7ECDAFE59}.Release|x86.Build.0 = Release|Any CPU
		{3E21A788-6614-4457-8E8A-48A99C1CBA12}.Debug|Any CPU.ActiveCfg = Debug|Any CPU
		{3E21A788-6614-4457-8E8A-48A99C1CBA12}.Debug|Any CPU.Build.0 = Debug|Any CPU
		{3E21A788-6614-4457-8E8A-48A99C1CBA12}.Debug|x64.ActiveCfg = Debug|Any CPU
		{3E21A788-6614-4457-8E8A-48A99C1CBA12}.Debug|x64.Build.0 = Debug|Any CPU
		{3E21A788-6614-4457-8E8A-48A99C1CBA12}.Debug|x86.ActiveCfg = Debug|Any CPU
		{3E21A788-6614-4457-8E8A-48A99C1CBA12}.Debug|x86.Build.0 = Debug|Any CPU
		{3E21A788-6614-4457-8E8A-48A99C1CBA12}.Release|Any CPU.ActiveCfg = Release|Any CPU
		{3E21A788-6614-4457-8E8A-48A99C1CBA12}.Release|Any CPU.Build.0 = Release|Any CPU
		{3E21A788-6614-4457-8E8A-48A99C1CBA12}.Release|x64.ActiveCfg = Release|Any CPU
		{3E21A788-6614-4457-8E8A-48A99C1CBA12}.Release|x64.Build.0 = Release|Any CPU
		{3E21A788-6614-4457-8E8A-48A99C1CBA12}.Release|x86.ActiveCfg = Release|Any CPU
		{3E21A788-6614-4457-8E8A-48A99C1CBA12}.Release|x86.Build.0 = Release|Any CPU
		{356F4DCB-C76F-4014-A51F-32C9F150D6DB}.Debug|Any CPU.ActiveCfg = Debug|Any CPU
		{356F4DCB-C76F-4014-A51F-32C9F150D6DB}.Debug|Any CPU.Build.0 = Debug|Any CPU
		{356F4DCB-C76F-4014-A51F-32C9F150D6DB}.Debug|x64.ActiveCfg = Debug|Any CPU
		{356F4DCB-C76F-4014-A51F-32C9F150D6DB}.Debug|x64.Build.0 = Debug|Any CPU
		{356F4DCB-C76F-4014-A51F-32C9F150D6DB}.Debug|x86.ActiveCfg = Debug|Any CPU
		{356F4DCB-C76F-4014-A51F-32C9F150D6DB}.Debug|x86.Build.0 = Debug|Any CPU
		{356F4DCB-C76F-4014-A51F-32C9F150D6DB}.Release|Any CPU.ActiveCfg = Release|Any CPU
		{356F4DCB-C76F-4014-A51F-32C9F150D6DB}.Release|Any CPU.Build.0 = Release|Any CPU
		{356F4DCB-C76F-4014-A51F-32C9F150D6DB}.Release|x64.ActiveCfg = Release|Any CPU
		{356F4DCB-C76F-4014-A51F-32C9F150D6DB}.Release|x64.Build.0 = Release|Any CPU
		{356F4DCB-C76F-4014-A51F-32C9F150D6DB}.Release|x86.ActiveCfg = Release|Any CPU
		{356F4DCB-C76F-4014-A51F-32C9F150D6DB}.Release|x86.Build.0 = Release|Any CPU
		{3686B6DB-77FC-4AFB-974C-E0F3635D42F5}.Debug|Any CPU.ActiveCfg = Debug|Any CPU
		{3686B6DB-77FC-4AFB-974C-E0F3635D42F5}.Debug|Any CPU.Build.0 = Debug|Any CPU
		{3686B6DB-77FC-4AFB-974C-E0F3635D42F5}.Debug|x64.ActiveCfg = Debug|Any CPU
		{3686B6DB-77FC-4AFB-974C-E0F3635D42F5}.Debug|x64.Build.0 = Debug|Any CPU
		{3686B6DB-77FC-4AFB-974C-E0F3635D42F5}.Debug|x86.ActiveCfg = Debug|Any CPU
		{3686B6DB-77FC-4AFB-974C-E0F3635D42F5}.Debug|x86.Build.0 = Debug|Any CPU
		{3686B6DB-77FC-4AFB-974C-E0F3635D42F5}.Release|Any CPU.ActiveCfg = Release|Any CPU
		{3686B6DB-77FC-4AFB-974C-E0F3635D42F5}.Release|Any CPU.Build.0 = Release|Any CPU
		{3686B6DB-77FC-4AFB-974C-E0F3635D42F5}.Release|x64.ActiveCfg = Release|Any CPU
		{3686B6DB-77FC-4AFB-974C-E0F3635D42F5}.Release|x64.Build.0 = Release|Any CPU
		{3686B6DB-77FC-4AFB-974C-E0F3635D42F5}.Release|x86.ActiveCfg = Release|Any CPU
		{3686B6DB-77FC-4AFB-974C-E0F3635D42F5}.Release|x86.Build.0 = Release|Any CPU
		{1DB66B86-105C-4A24-993A-5F1AB3B8D0F8}.Debug|Any CPU.ActiveCfg = Debug|Any CPU
		{1DB66B86-105C-4A24-993A-5F1AB3B8D0F8}.Debug|Any CPU.Build.0 = Debug|Any CPU
		{1DB66B86-105C-4A24-993A-5F1AB3B8D0F8}.Debug|x64.ActiveCfg = Debug|Any CPU
		{1DB66B86-105C-4A24-993A-5F1AB3B8D0F8}.Debug|x64.Build.0 = Debug|Any CPU
		{1DB66B86-105C-4A24-993A-5F1AB3B8D0F8}.Debug|x86.ActiveCfg = Debug|Any CPU
		{1DB66B86-105C-4A24-993A-5F1AB3B8D0F8}.Debug|x86.Build.0 = Debug|Any CPU
		{1DB66B86-105C-4A24-993A-5F1AB3B8D0F8}.Release|Any CPU.ActiveCfg = Release|Any CPU
		{1DB66B86-105C-4A24-993A-5F1AB3B8D0F8}.Release|Any CPU.Build.0 = Release|Any CPU
		{1DB66B86-105C-4A24-993A-5F1AB3B8D0F8}.Release|x64.ActiveCfg = Release|Any CPU
		{1DB66B86-105C-4A24-993A-5F1AB3B8D0F8}.Release|x64.Build.0 = Release|Any CPU
		{1DB66B86-105C-4A24-993A-5F1AB3B8D0F8}.Release|x86.ActiveCfg = Release|Any CPU
		{1DB66B86-105C-4A24-993A-5F1AB3B8D0F8}.Release|x86.Build.0 = Release|Any CPU
		{D8E0F711-C9F2-4056-8F06-8C13BD506C13}.Debug|Any CPU.ActiveCfg = Debug|Any CPU
		{D8E0F711-C9F2-4056-8F06-8C13BD506C13}.Debug|Any CPU.Build.0 = Debug|Any CPU
		{D8E0F711-C9F2-4056-8F06-8C13BD506C13}.Debug|x64.ActiveCfg = Debug|Any CPU
		{D8E0F711-C9F2-4056-8F06-8C13BD506C13}.Debug|x64.Build.0 = Debug|Any CPU
		{D8E0F711-C9F2-4056-8F06-8C13BD506C13}.Debug|x86.ActiveCfg = Debug|Any CPU
		{D8E0F711-C9F2-4056-8F06-8C13BD506C13}.Debug|x86.Build.0 = Debug|Any CPU
		{D8E0F711-C9F2-4056-8F06-8C13BD506C13}.Release|Any CPU.ActiveCfg = Release|Any CPU
		{D8E0F711-C9F2-4056-8F06-8C13BD506C13}.Release|Any CPU.Build.0 = Release|Any CPU
		{D8E0F711-C9F2-4056-8F06-8C13BD506C13}.Release|x64.ActiveCfg = Release|Any CPU
		{D8E0F711-C9F2-4056-8F06-8C13BD506C13}.Release|x64.Build.0 = Release|Any CPU
		{D8E0F711-C9F2-4056-8F06-8C13BD506C13}.Release|x86.ActiveCfg = Release|Any CPU
		{D8E0F711-C9F2-4056-8F06-8C13BD506C13}.Release|x86.Build.0 = Release|Any CPU
	EndGlobalSection
	GlobalSection(SolutionProperties) = preSolution
		HideSolutionNode = FALSE
	EndGlobalSection
	GlobalSection(NestedProjects) = preSolution
		{6EA1A5AB-65D7-488D-AA8B-3880AB3088D7} = {827E0CD3-B72D-47B6-A68D-7590B98EB39B}
		{97B48F27-9AB0-41C0-95C6-0F10D66897A4} = {827E0CD3-B72D-47B6-A68D-7590B98EB39B}
		{C9A48C7B-D226-4D0B-9975-5C9D3475550B} = {827E0CD3-B72D-47B6-A68D-7590B98EB39B}
		{FD822AFB-9B56-4777-A816-73AF9B033B92} = {827E0CD3-B72D-47B6-A68D-7590B98EB39B}
		{7775EF87-5D00-4473-8F32-42B7ECDAFE59} = {0AB3BF05-4346-4AA6-1389-037BE0695223}
		{3E21A788-6614-4457-8E8A-48A99C1CBA12} = {827E0CD3-B72D-47B6-A68D-7590B98EB39B}
		{356F4DCB-C76F-4014-A51F-32C9F150D6DB} = {0AB3BF05-4346-4AA6-1389-037BE0695223}
		{3686B6DB-77FC-4AFB-974C-E0F3635D42F5} = {827E0CD3-B72D-47B6-A68D-7590B98EB39B}
		{1DB66B86-105C-4A24-993A-5F1AB3B8D0F8} = {0AB3BF05-4346-4AA6-1389-037BE0695223}
		{D8E0F711-C9F2-4056-8F06-8C13BD506C13} = {5D20AA90-6969-D8BD-9DCD-8634F4692FDA}
	EndGlobalSection
EndGlobal
